
Microsoft Visual Studio Solution File, Format Version 12.00
Project("{FAE04EC0-301F-11D3-BF4B-00C04F79EFBC}") = "MarineTracker.Api", "MarineTracker.Api\MarineTracker.Api.csproj", "{FD15D5AB-9B0A-4687-9447-9C2F60CF9A30}"
EndProject
Project("{2150E333-8FDC-42A3-9474-1A3956D46DE8}") = "Solution Items", "Solution Items", "{321C75CD-4827-4FD9-B58D-F00D4AA86DF3}"
	ProjectSection(SolutionItems) = preProject
		compose.yaml = compose.yaml
	EndProjectSection
EndProject
Global
	GlobalSection(SolutionConfigurationPlatforms) = preSolution
		Debug|Any CPU = Debug|Any CPU
		Release|Any CPU = Release|Any CPU
	EndGlobalSection
	GlobalSection(ProjectConfigurationPlatforms) = postSolution
		{FD15D5AB-9B0A-4687-9447-9C2F60CF9A30}.Debug|Any CPU.ActiveCfg = Debug|Any CPU
		{FD15D5AB-9B0A-4687-9447-9C2F60CF9A30}.Debug|Any CPU.Build.0 = Debug|Any CPU
		{FD15D5AB-9B0A-4687-9447-9C2F60CF9A30}.Release|Any CPU.ActiveCfg = Release|Any CPU
		{FD15D5AB-9B0A-4687-9447-9C2F60CF9A30}.Release|Any CPU.Build.0 = Release|Any CPU
	EndGlobalSection
EndGlobal
